// !$*UTF8*$!
{
	archiveVersion = 1;
	classes = {
	};
	objectVersion = 77;
	objects = {

/* Begin PBXContainerItemProxy section */
		BD4775A42E1F63770066D24E /* PBXContainerItemProxy */ = {
			isa = PBXContainerItemProxy;
			containerPortal = BD47758C2E1F63760066D24E /* Project object */;
			proxyType = 1;
			remoteGlobalIDString = BD4775932E1F63760066D24E;
			remoteInfo = "Concurrency Exercise";
		};
		BD4775AE2E1F63770066D24E /* PBXContainerItemProxy */ = {
			isa = PBXContainerItemProxy;
			containerPortal = BD47758C2E1F63760066D24E /* Project object */;
			proxyType = 1;
			remoteGlobalIDString = BD4775932E1F63760066D24E;
			remoteInfo = "Concurrency Exercise";
		};
/* End PBXContainerItemProxy section */

/* Begin PBXFileReference section */
		BD4775942E1F63760066D24E /* Concurrency Exercise.app */ = {isa = PBXFileReference; explicitFileType = wrapper.application; includeInIndex = 0; path = "Concurrency Exercise.app"; sourceTree = BUILT_PRODUCTS_DIR; };
		BD4775A32E1F63770066D24E /* Concurrency ExerciseTests.xctest */ = {isa = PBXFileReference; explicitFileType = wrapper.cfbundle; includeInIndex = 0; path = "Concurrency ExerciseTests.xctest"; sourceTree = BUILT_PRODUCTS_DIR; };
		BD4775AD2E1F63770066D24E /* Concurrency ExerciseUITests.xctest */ = {isa = PBXFileReference; explicitFileType = wrapper.cfbundle; includeInIndex = 0; path = "Concurrency ExerciseUITests.xctest"; sourceTree = BUILT_PRODUCTS_DIR; };
/* End PBXFileReference section */

/* Begin PBXFileSystemSynchronizedRootGroup section */
		BD4775962E1F63760066D24E /* Concurrency Exercise */ = {
			isa = PBXFileSystemSynchronizedRootGroup;
			path = "Concurrency Exercise";
			sourceTree = "<group>";
		};
		BD4775A62E1F63770066D24E /* Concurrency ExerciseTests */ = {
			isa = PBXFileSystemSynchronizedRootGroup;
			path = "Concurrency ExerciseTests";
			sourceTree = "<group>";
		};
		BD4775B02E1F63770066D24E /* Concurrency ExerciseUITests */ = {
			isa = PBXFileSystemSynchronizedRootGroup;
			path = "Concurrency ExerciseUITests";
			sourceTree = "<group>";
		};
/* End PBXFileSystemSynchronizedRootGroup section */

/* Begin PBXFrameworksBuildPhase section */
		BD4775912E1F63760066D24E /* Frameworks */ = {
			isa = PBXFrameworksBuildPhase;
			buildActionMask = 2147483647;
			files = (
			);
			runOnlyForDeploymentPostprocessing = 0;
		};
		BD4775A02E1F63770066D24E /* Frameworks */ = {
			isa = PBXFrameworksBuildPhase;
			buildActionMask = 2147483647;
			files = (
			);
			runOnlyForDeploymentPostprocessing = 0;
		};
		BD4775AA2E1F63770066D24E /* Frameworks */ = {
			isa = PBXFrameworksBuildPhase;
			buildActionMask = 2147483647;
			files = (
			);
			runOnlyForDeploymentPostprocessing = 0;
		};
/* End PBXFrameworksBuildPhase section */

/* Begin PBXGroup section */
		BD47758B2E1F63760066D24E = {
			isa = PBXGroup;
			children = (
				BD4775962E1F63760066D24E /* Concurrency Exercise */,
				BD4775A62E1F63770066D24E /* Concurrency ExerciseTests */,
				BD4775B02E1F63770066D24E /* Concurrency ExerciseUITests */,
				BD4775952E1F63760066D24E /* Products */,
			);
			sourceTree = "<group>";
		};
		BD4775952E1F63760066D24E /* Products */ = {
			isa = PBXGroup;
			children = (
				BD4775942E1F63760066D24E /* Concurrency Exercise.app */,
				BD4775A32E1F63770066D24E /* Concurrency ExerciseTests.xctest */,
				BD4775AD2E1F63770066D24E /* Concurrency ExerciseUITests.xctest */,
			);
			name = Products;
			sourceTree = "<group>";
		};
/* End PBXGroup section */

/* Begin PBXNativeTarget section */
		BD4775932E1F63760066D24E /* Concurrency Exercise */ = {
			isa = PBXNativeTarget;
			buildConfigurationList = BD4775B72E1F63770066D24E /* Build configuration list for PBXNativeTarget "Concurrency Exercise" */;
			buildPhases = (
				BD4775902E1F63760066D24E /* Sources */,
				BD4775912E1F63760066D24E /* Frameworks */,
				BD4775922E1F63760066D24E /* Resources */,
			);
			buildRules = (
			);
			dependencies = (
			);
			fileSystemSynchronizedGroups = (
				BD4775962E1F63760066D24E /* Concurrency Exercise */,
			);
			name = "Concurrency Exercise";
			packageProductDependencies = (
			);
			productName = "Concurrency Exercise";
			productReference = BD4775942E1F63760066D24E /* Concurrency Exercise.app */;
			productType = "com.apple.product-type.application";
		};
		BD4775A22E1F63770066D24E /* Concurrency ExerciseTests */ = {
			isa = PBXNativeTarget;
			buildConfigurationList = BD4775BA2E1F63770066D24E /* Build configuration list for PBXNativeTarget "Concurrency ExerciseTests" */;
			buildPhases = (
				BD47759F2E1F63770066D24E /* Sources */,
				BD4775A02E1F63770066D24E /* Frameworks */,
				BD4775A12E1F63770066D24E /* Resources */,
			);
			buildRules = (
			);
			dependencies = (
				BD4775A52E1F63770066D24E /* PBXTargetDependency */,
			);
			fileSystemSynchronizedGroups = (
				BD4775A62E1F63770066D24E /* Concurrency ExerciseTests */,
			);
			name = "Concurrency ExerciseTests";
			packageProductDependencies = (
			);
			productName = "Concurrency ExerciseTests";
			productReference = BD4775A32E1F63770066D24E /* Concurrency ExerciseTests.xctest */;
			productType = "com.apple.product-type.bundle.unit-test";
		};
		BD4775AC2E1F63770066D24E /* Concurrency ExerciseUITests */ = {
			isa = PBXNativeTarget;
			buildConfigurationList = BD4775BD2E1F63770066D24E /* Build configuration list for PBXNativeTarget "Concurrency ExerciseUITests" */;
			buildPhases = (
				BD4775A92E1F63770066D24E /* Sources */,
				BD4775AA2E1F63770066D24E /* Frameworks */,
				BD4775AB2E1F63770066D24E /* Resources */,
			);
			buildRules = (
			);
			dependencies = (
				BD4775AF2E1F63770066D24E /* PBXTargetDependency */,
			);
			fileSystemSynchronizedGroups = (
				BD4775B02E1F63770066D24E /* Concurrency ExerciseUITests */,
			);
			name = "Concurrency ExerciseUITests";
			packageProductDependencies = (
			);
			productName = "Concurrency ExerciseUITests";
			productReference = BD4775AD2E1F63770066D24E /* Concurrency ExerciseUITests.xctest */;
			productType = "com.apple.product-type.bundle.ui-testing";
		};
/* End PBXNativeTarget section */

/* Begin PBXProject section */
		BD47758C2E1F63760066D24E /* Project object */ = {
			isa = PBXProject;
			attributes = {
				BuildIndependentTargetsInParallel = 1;
				LastSwiftUpdateCheck = 1640;
				LastUpgradeCheck = 1640;
				TargetAttributes = {
					BD4775932E1F63760066D24E = {
						CreatedOnToolsVersion = 16.4;
					};
					BD4775A22E1F63770066D24E = {
						CreatedOnToolsVersion = 16.4;
						TestTargetID = BD4775932E1F63760066D24E;
					};
					BD4775AC2E1F63770066D24E = {
						CreatedOnToolsVersion = 16.4;
						TestTargetID = BD4775932E1F63760066D24E;
					};
				};
			};
			buildConfigurationList = BD47758F2E1F63760066D24E /* Build configuration list for PBXProject "Concurrency Exercise" */;
			developmentRegion = en;
			hasScannedForEncodings = 0;
			knownRegions = (
				en,
				Base,
			);
			mainGroup = BD47758B2E1F63760066D24E;
			minimizedProjectReferenceProxies = 1;
			preferredProjectObjectVersion = 77;
			productRefGroup = BD4775952E1F63760066D24E /* Products */;
			projectDirPath = "";
			projectRoot = "";
			targets = (
				BD4775932E1F63760066D24E /* Concurrency Exercise */,
				BD4775A22E1F63770066D24E /* Concurrency ExerciseTests */,
				BD4775AC2E1F63770066D24E /* Concurrency ExerciseUITests */,
			);
		};
/* End PBXProject section */

/* Begin PBXResourcesBuildPhase section */
		BD4775922E1F63760066D24E /* Resources */ = {
			isa = PBXResourcesBuildPhase;
			buildActionMask = 2147483647;
			files = (
			);
			runOnlyForDeploymentPostprocessing = 0;
		};
		BD4775A12E1F63770066D24E /* Resources */ = {
			isa = PBXResourcesBuildPhase;
			buildActionMask = 2147483647;
			files = (
			);
			runOnlyForDeploymentPostprocessing = 0;
		};
		BD4775AB2E1F63770066D24E /* Resources */ = {
			isa = PBXResourcesBuildPhase;
			buildActionMask = 2147483647;
			files = (
			);
			runOnlyForDeploymentPostprocessing = 0;
		};
/* End PBXResourcesBuildPhase section */

/* Begin PBXSourcesBuildPhase section */
		BD4775902E1F63760066D24E /* Sources */ = {
			isa = PBXSourcesBuildPhase;
			buildActionMask = 2147483647;
			files = (
			);
			runOnlyForDeploymentPostprocessing = 0;
		};
		BD47759F2E1F63770066D24E /* Sources */ = {
			isa = PBXSourcesBuildPhase;
			buildActionMask = 2147483647;
			files = (
			);
			runOnlyForDeploymentPostprocessing = 0;
		};
		BD4775A92E1F63770066D24E /* Sources */ = {
			isa = PBXSourcesBuildPhase;
			buildActionMask = 2147483647;
			files = (
			);
			runOnlyForDeploymentPostprocessing = 0;
		};
/* End PBXSourcesBuildPhase section */

/* Begin PBXTargetDependency section */
		BD4775A52E1F63770066D24E /* PBXTargetDependency */ = {
			isa = PBXTargetDependency;
			target = BD4775932E1F63760066D24E /* Concurrency Exercise */;
			targetProxy = BD4775A42E1F63770066D24E /* PBXContainerItemProxy */;
		};
		BD4775AF2E1F63770066D24E /* PBXTargetDependency */ = {
			isa = PBXTargetDependency;
			target = BD4775932E1F63760066D24E /* Concurrency Exercise */;
			targetProxy = BD4775AE2E1F63770066D24E /* PBXContainerItemProxy */;
		};
/* End PBXTargetDependency section */

/* Begin XCBuildConfiguration section */
		BD4775B52E1F63770066D24E /* Debug */ = {
			isa = XCBuildConfiguration;
			buildSettings = {
				ALWAYS_SEARCH_USER_PATHS = NO;
				ASSETCATALOG_COMPILER_GENERATE_SWIFT_ASSET_SYMBOL_EXTENSIONS = YES;
				CLANG_ANALYZER_NONNULL = YES;
				CLANG_ANALYZER_NUMBER_OBJECT_CONVERSION = YES_AGGRESSIVE;
				CLANG_CXX_LANGUAGE_STANDARD = "gnu++20";
				CLANG_ENABLE_MODULES = YES;
				CLANG_ENABLE_OBJC_ARC = YES;
				CLANG_ENABLE_OBJC_WEAK = YES;
				CLANG_WARN_BLOCK_CAPTURE_AUTORELEASING = YES;
				CLANG_WARN_BOOL_CONVERSION = YES;
				CLANG_WARN_COMMA = YES;
				CLANG_WARN_CONSTANT_CONVERSION = YES;
				CLANG_WARN_DEPRECATED_OBJC_IMPLEMENTATIONS = YES;
				CLANG_WARN_DIRECT_OBJC_ISA_USAGE = YES_ERROR;
				CLANG_WARN_DOCUMENTATION_COMMENTS = YES;
				CLANG_WARN_EMPTY_BODY = YES;
				CLANG_WARN_ENUM_CONVERSION = YES;
				CLANG_WARN_INFINITE_RECURSION = YES;
				CLANG_WARN_INT_CONVERSION = YES;
				CLANG_WARN_NON_LITERAL_NULL_CONVERSION = YES;
				CLANG_WARN_OBJC_IMPLICIT_RETAIN_SELF = YES;
				CLANG_WARN_OBJC_LITERAL_CONVERSION = YES;
				CLANG_WARN_OBJC_ROOT_CLASS = YES_ERROR;
				CLANG_WARN_QUOTED_INCLUDE_IN_FRAMEWORK_HEADER = YES;
				CLANG_WARN_RANGE_LOOP_ANALYSIS = YES;
				CLANG_WARN_STRICT_PROTOTYPES = YES;
				CLANG_WARN_SUSPICIOUS_MOVE = YES;
				CLANG_WARN_UNGUARDED_AVAILABILITY = YES_AGGRESSIVE;
				CLANG_WARN_UNREACHABLE_CODE = YES;
				CLANG_WARN__DUPLICATE_METHOD_MATCH = YES;
				COPY_PHASE_STRIP = NO;
				DEBUG_INFORMATION_FORMAT = dwarf;
				ENABLE_STRICT_OBJC_MSGSEND = YES;
				ENABLE_TESTABILITY = YES;
				ENABLE_USER_SCRIPT_SANDBOXING = YES;
				GCC_C_LANGUAGE_STANDARD = gnu17;
				GCC_DYNAMIC_NO_PIC = NO;
				GCC_NO_COMMON_BLOCKS = YES;
				GCC_OPTIMIZATION_LEVEL = 0;
				GCC_PREPROCESSOR_DEFINITIONS = (
					"DEBUG=1",
					"$(inherited)",
				);
				GCC_WARN_64_TO_32_BIT_CONVERSION = YES;
				GCC_WARN_ABOUT_RETURN_TYPE = YES_ERROR;
				GCC_WARN_UNDECLARED_SELECTOR = YES;
				GCC_WARN_UNINITIALIZED_AUTOS = YES_AGGRESSIVE;
				GCC_WARN_UNUSED_FUNCTION = YES;
				GCC_WARN_UNUSED_VARIABLE = YES;
				IPHONEOS_DEPLOYMENT_TARGET = 18.5;
				LOCALIZATION_PREFERS_STRING_CATALOGS = YES;
				MTL_ENABLE_DEBUG_INFO = INCLUDE_SOURCE;
				MTL_FAST_MATH = YES;
				ONLY_ACTIVE_ARCH = YES;
				SDKROOT = iphoneos;
				SWIFT_ACTIVE_COMPILATION_CONDITIONS = "DEBUG $(inherited)";
				SWIFT_OPTIMIZATION_LEVEL = "-Onone";
			};
			name = Debug;
		};
		BD4775B62E1F63770066D24E /* Release */ = {
			isa = XCBuildConfiguration;
			buildSettings = {
				ALWAYS_SEARCH_USER_PATHS = NO;
				ASSETCATALOG_COMPILER_GENERATE_SWIFT_ASSET_SYMBOL_EXTENSIONS = YES;
				CLANG_ANALYZER_NONNULL = YES;
				CLANG_ANALYZER_NUMBER_OBJECT_CONVERSION = YES_AGGRESSIVE;
				CLANG_CXX_LANGUAGE_STANDARD = "gnu++20";
				CLANG_ENABLE_MODULES = YES;
				CLANG_ENABLE_OBJC_ARC = YES;
				CLANG_ENABLE_OBJC_WEAK = YES;
				CLANG_WARN_BLOCK_CAPTURE_AUTORELEASING = YES;
				CLANG_WARN_BOOL_CONVERSION = YES;
				CLANG_WARN_COMMA = YES;
				CLANG_WARN_CONSTANT_CONVERSION = YES;
				CLANG_WARN_DEPRECATED_OBJC_IMPLEMENTATIONS = YES;
				CLANG_WARN_DIRECT_OBJC_ISA_USAGE = YES_ERROR;
				CLANG_WARN_DOCUMENTATION_COMMENTS = YES;
				CLANG_WARN_EMPTY_BODY = YES;
				CLANG_WARN_ENUM_CONVERSION = YES;
				CLANG_WARN_INFINITE_RECURSION = YES;
				CLANG_WARN_INT_CONVERSION = YES;
				CLANG_WARN_NON_LITERAL_NULL_CONVERSION = YES;
				CLANG_WARN_OBJC_IMPLICIT_RETAIN_SELF = YES;
				CLANG_WARN_OBJC_LITERAL_CONVERSION = YES;
				CLANG_WARN_OBJC_ROOT_CLASS = YES_ERROR;
				CLANG_WARN_QUOTED_INCLUDE_IN_FRAMEWORK_HEADER = YES;
				CLANG_WARN_RANGE_LOOP_ANALYSIS = YES;
				CLANG_WARN_STRICT_PROTOTYPES = YES;
				CLANG_WARN_SUSPICIOUS_MOVE = YES;
				CLANG_WARN_UNGUARDED_AVAILABILITY = YES_AGGRESSIVE;
				CLANG_WARN_UNREACHABLE_CODE = YES;
				CLANG_WARN__DUPLICATE_METHOD_MATCH = YES;
				COPY_PHASE_STRIP = NO;
				DEBUG_INFORMATION_FORMAT = "dwarf-with-dsym";
				ENABLE_NS_ASSERTIONS = NO;
				ENABLE_STRICT_OBJC_MSGSEND = YES;
				ENABLE_USER_SCRIPT_SANDBOXING = YES;
				GCC_C_LANGUAGE_STANDARD = gnu17;
				GCC_NO_COMMON_BLOCKS = YES;
				GCC_WARN_64_TO_32_BIT_CONVERSION = YES;
				GCC_WARN_ABOUT_RETURN_TYPE = YES_ERROR;
				GCC_WARN_UNDECLARED_SELECTOR = YES;
				GCC_WARN_UNINITIALIZED_AUTOS = YES_AGGRESSIVE;
				GCC_WARN_UNUSED_FUNCTION = YES;
				GCC_WARN_UNUSED_VARIABLE = YES;
				IPHONEOS_DEPLOYMENT_TARGET = 18.5;
				LOCALIZATION_PREFERS_STRING_CATALOGS = YES;
				MTL_ENABLE_DEBUG_INFO = NO;
				MTL_FAST_MATH = YES;
				SDKROOT = iphoneos;
				SWIFT_COMPILATION_MODE = wholemodule;
				VALIDATE_PRODUCT = YES;
			};
			name = Release;
		};
		BD4775B82E1F63770066D24E /* Debug */ = {
			isa = XCBuildConfiguration;
			buildSettings = {
				ASSETCATALOG_COMPILER_APPICON_NAME = AppIcon;
				ASSETCATALOG_COMPILER_GLOBAL_ACCENT_COLOR_NAME = AccentColor;
				CODE_SIGN_STYLE = Automatic;
				CURRENT_PROJECT_VERSION = 1;
				ENABLE_PREVIEWS = YES;
				GENERATE_INFOPLIST_FILE = YES;
				INFOPLIST_KEY_UIApplicationSceneManifest_Generation = YES;
				INFOPLIST_KEY_UIApplicationSupportsIndirectInputEvents = YES;
				INFOPLIST_KEY_UILaunchScreen_Generation = YES;
				INFOPLIST_KEY_UISupportedInterfaceOrientations_iPad = "UIInterfaceOrientationPortrait UIInterfaceOrientationPortraitUpsideDown UIInterfaceOrientationLandscapeLeft UIInterfaceOrientationLandscapeRight";
				INFOPLIST_KEY_UISupportedInterfaceOrientations_iPhone = "UIInterfaceOrientationPortrait UIInterfaceOrientationLandscapeLeft UIInterfaceOrientationLandscapeRight";
				LD_RUNPATH_SEARCH_PATHS = (
					"$(inherited)",
					"@executable_path/Frameworks",
				);
				MARKETING_VERSION = 1.0;
				PRODUCT_BUNDLE_IDENTIFIER = "com.cocoaclassroom.Concurrency-Exercise";
				PRODUCT_NAME = "$(TARGET_NAME)";
				SWIFT_EMIT_LOC_STRINGS = YES;
				SWIFT_VERSION = 5.0;
				TARGETED_DEVICE_FAMILY = "1,2";
			};
			name = Debug;
		};
		BD4775B92E1F63770066D24E /* Release */ = {
			isa = XCBuildConfiguration;
			buildSettings = {
				ASSETCATALOG_COMPILER_APPICON_NAME = AppIcon;
				ASSETCATALOG_COMPILER_GLOBAL_ACCENT_COLOR_NAME = AccentColor;
				CODE_SIGN_STYLE = Automatic;
				CURRENT_PROJECT_VERSION = 1;
				ENABLE_PREVIEWS = YES;
				GENERATE_INFOPLIST_FILE = YES;
				INFOPLIST_KEY_UIApplicationSceneManifest_Generation = YES;
				INFOPLIST_KEY_UIApplicationSupportsIndirectInputEvents = YES;
				INFOPLIST_KEY_UILaunchScreen_Generation = YES;
				INFOPLIST_KEY_UISupportedInterfaceOrientations_iPad = "UIInterfaceOrientationPortrait UIInterfaceOrientationPortraitUpsideDown UIInterfaceOrientationLandscapeLeft UIInterfaceOrientationLandscapeRight";
				INFOPLIST_KEY_UISupportedInterfaceOrientations_iPhone = "UIInterfaceOrientationPortrait UIInterfaceOrientationLandscapeLeft UIInterfaceOrientationLandscapeRight";
				LD_RUNPATH_SEARCH_PATHS = (
					"$(inherited)",
					"@executable_path/Frameworks",
				);
				MARKETING_VERSION = 1.0;
				PRODUCT_BUNDLE_IDENTIFIER = "com.cocoaclassroom.Concurrency-Exercise";
				PRODUCT_NAME = "$(TARGET_NAME)";
				SWIFT_EMIT_LOC_STRINGS = YES;
				SWIFT_VERSION = 5.0;
				TARGETED_DEVICE_FAMILY = "1,2";
			};
			name = Release;
		};
		BD4775BB2E1F63770066D24E /* Debug */ = {
			isa = XCBuildConfiguration;
			buildSettings = {
				BUNDLE_LOADER = "$(TEST_HOST)";
				CODE_SIGN_STYLE = Automatic;
				CURRENT_PROJECT_VERSION = 1;
				GENERATE_INFOPLIST_FILE = YES;
				IPHONEOS_DEPLOYMENT_TARGET = 18.5;
				MARKETING_VERSION = 1.0;
				PRODUCT_BUNDLE_IDENTIFIER = "com.cocoaclassroom.Concurrency-ExerciseTests";
				PRODUCT_NAME = "$(TARGET_NAME)";
				SWIFT_EMIT_LOC_STRINGS = NO;
				SWIFT_VERSION = 5.0;
				TARGETED_DEVICE_FAMILY = "1,2";
				TEST_HOST = "$(BUILT_PRODUCTS_DIR)/Concurrency Exercise.app/$(BUNDLE_EXECUTABLE_FOLDER_PATH)/Concurrency Exercise";
			};
			name = Debug;
		};
		BD4775BC2E1F63770066D24E /* Release */ = {
			isa = XCBuildConfiguration;
			buildSettings = {
				BUNDLE_LOADER = "$(TEST_HOST)";
				CODE_SIGN_STYLE = Automatic;
				CURRENT_PROJECT_VERSION = 1;
				GENERATE_INFOPLIST_FILE = YES;
				IPHONEOS_DEPLOYMENT_TARGET = 18.5;
				MARKETING_VERSION = 1.0;
				PRODUCT_BUNDLE_IDENTIFIER = "com.cocoaclassroom.Concurrency-ExerciseTests";
				PRODUCT_NAME = "$(TARGET_NAME)";
				SWIFT_EMIT_LOC_STRINGS = NO;
				SWIFT_VERSION = 5.0;
				TARGETED_DEVICE_FAMILY = "1,2";
				TEST_HOST = "$(BUILT_PRODUCTS_DIR)/Concurrency Exercise.app/$(BUNDLE_EXECUTABLE_FOLDER_PATH)/Concurrency Exercise";
			};
			name = Release;
		};
		BD4775BE2E1F63770066D24E /* Debug */ = {
			isa = XCBuildConfiguration;
			buildSettings = {
				CODE_SIGN_STYLE = Automatic;
				CURRENT_PROJECT_VERSION = 1;
				GENERATE_INFOPLIST_FILE = YES;
				MARKETING_VERSION = 1.0;
				PRODUCT_BUNDLE_IDENTIFIER = "com.cocoaclassroom.Concurrency-ExerciseUITests";
				PRODUCT_NAME = "$(TARGET_NAME)";
				SWIFT_EMIT_LOC_STRINGS = NO;
				SWIFT_VERSION = 5.0;
				TARGETED_DEVICE_FAMILY = "1,2";
				TEST_TARGET_NAME = "Concurrency Exercise";
			};
			name = Debug;
		};
		BD4775BF2E1F63770066D24E /* Release */ = {
			isa = XCBuildConfiguration;
			buildSettings = {
				CODE_SIGN_STYLE = Automatic;
				CURRENT_PROJECT_VERSION = 1;
				GENERATE_INFOPLIST_FILE = YES;
				MARKETING_VERSION = 1.0;
				PRODUCT_BUNDLE_IDENTIFIER = "com.cocoaclassroom.Concurrency-ExerciseUITests";
				PRODUCT_NAME = "$(TARGET_NAME)";
				SWIFT_EMIT_LOC_STRINGS = NO;
				SWIFT_VERSION = 5.0;
				TARGETED_DEVICE_FAMILY = "1,2";
				TEST_TARGET_NAME = "Concurrency Exercise";
			};
			name = Release;
		};
/* End XCBuildConfiguration section */

/* Begin XCConfigurationList section */
		BD47758F2E1F63760066D24E /* Build configuration list for PBXProject "Concurrency Exercise" */ = {
			isa = XCConfigurationList;
			buildConfigurations = (
				BD4775B52E1F63770066D24E /* Debug */,
				BD4775B62E1F63770066D24E /* Release */,
			);
			defaultConfigurationIsVisible = 0;
			defaultConfigurationName = Release;
		};
		BD4775B72E1F63770066D24E /* Build configuration list for PBXNativeTarget "Concurrency Exercise" */ = {
			isa = XCConfigurationList;
			buildConfigurations = (
				BD4775B82E1F63770066D24E /* Debug */,
				BD4775B92E1F63770066D24E /* Release */,
			);
			defaultConfigurationIsVisible = 0;
			defaultConfigurationName = Release;
		};
		BD4775BA2E1F63770066D24E /* Build configuration list for PBXNativeTarget "Concurrency ExerciseTests" */ = {
			isa = XCConfigurationList;
			buildConfigurations = (
				BD4775BB2E1F63770066D24E /* Debug */,
				BD4775BC2E1F63770066D24E /* Release */,
			);
			defaultConfigurationIsVisible = 0;
			defaultConfigurationName = Release;
		};
		BD4775BD2E1F63770066D24E /* Build configuration list for PBXNativeTarget "Concurrency ExerciseUITests" */ = {
			isa = XCConfigurationList;
			buildConfigurations = (
				BD4775BE2E1F63770066D24E /* Debug */,
				BD4775BF2E1F63770066D24E /* Release */,
			);
			defaultConfigurationIsVisible = 0;
			defaultConfigurationName = Release;
		};
/* End XCConfigurationList section */
	};
	rootObject = BD47758C2E1F63760066D24E /* Project object */;
}
